
Microsoft Visual Studio Solution File, Format Version 12.00
# Visual Studio Version 17
VisualStudioVersion = 17.7.34018.315
MinimumVisualStudioVersion = 10.0.40219.1
Project("{FAE04EC0-301F-11D3-BF4B-00C04F79EFBC}") = "Methods - Nathan Peach", "Methods - Nathan Peach\Methods - Nathan Peach.csproj", "{BF314CC9-DBC5-46BA-9694-DC71A1D2BC8A}"
EndProject
Global
	GlobalSection(SolutionConfigurationPlatforms) = preSolution
		Debug|Any CPU = Debug|Any CPU
		Release|Any CPU = Release|Any CPU
	EndGlobalSection
	GlobalSection(ProjectConfigurationPlatforms) = postSolution
		{BF314CC9-DBC5-46BA-9694-DC71A1D2BC8A}.Debug|Any CPU.ActiveCfg = Debug|Any CPU
		{BF314CC9-DBC5-46BA-9694-DC71A1D2BC8A}.Debug|Any CPU.Build.0 = Debug|Any CPU
		{BF314CC9-DBC5-46BA-9694-DC71A1D2BC8A}.Release|Any CPU.ActiveCfg = Release|Any CPU
		{BF314CC9-DBC5-46BA-9694-DC71A1D2BC8A}.Release|Any CPU.Build.0 = Release|Any CPU
	EndGlobalSection
	GlobalSection(SolutionProperties) = preSolution
		HideSolutionNode = FALSE
	EndGlobalSection
	GlobalSection(ExtensibilityGlobals) = postSolution
		SolutionGuid = {EA2FC454-AF95-4A81-9C2E-E8E611A70CF5}
	EndGlobalSection
EndGlobal
